
Microsoft Visual Studio Solution File, Format Version 12.00
# Visual Studio Version 16
VisualStudioVersion = 16.0.30621.155
MinimumVisualStudioVersion = 10.0.40219.1
Project("{FAE04EC0-301F-11D3-BF4B-00C04F79EFBC}") = "TaskManager", "TaskManager\TaskManager.csproj", "{FAF97178-73A2-4805-BEFF-53AECB1146BE}"
EndProject
Global
	GlobalSection(SolutionConfigurationPlatforms) = preSolution
		Debug|Any CPU = Debug|Any CPU
		Release|Any CPU = Release|Any CPU
	EndGlobalSection
	GlobalSection(ProjectConfigurationPlatforms) = postSolution
		{FAF97178-73A2-4805-BEFF-53AECB1146BE}.Debug|Any CPU.ActiveCfg = Debug|Any CPU
		{FAF97178-73A2-4805-BEFF-53AECB1146BE}.Debug|Any CPU.Build.0 = Debug|Any CPU
		{FAF97178-73A2-4805-BEFF-53AECB1146BE}.Release|Any CPU.ActiveCfg = Release|Any CPU
		{FAF97178-73A2-4805-BEFF-53AECB1146BE}.Release|Any CPU.Build.0 = Release|Any CPU
	EndGlobalSection
	GlobalSection(SolutionProperties) = preSolution
		HideSolutionNode = FALSE
	EndGlobalSection
	GlobalSection(ExtensibilityGlobals) = postSolution
		SolutionGuid = {8470A550-5FB4-4CB9-B9FD-0EE196F99B2A}
	EndGlobalSection
EndGlobal
